// !$*UTF8*$!
{
	archiveVersion = 1;
	classes = {
	};
	objectVersion = 46;
	objects = {

/* Begin PBXBuildFile section */
		696B44A41DE03885002514F5 /* main.m in Sources */ = {isa = PBXBuildFile; fileRef = 696B44A31DE03885002514F5 /* main.m */; };
		696B44A71DE03885002514F5 /* AppDelegate.m in Sources */ = {isa = PBXBuildFile; fileRef = 696B44A61DE03885002514F5 /* AppDelegate.m */; };
		696B44AA1DE03885002514F5 /* ViewController.m in Sources */ = {isa = PBXBuildFile; fileRef = 696B44A91DE03885002514F5 /* ViewController.m */; };
		696B44AD1DE03885002514F5 /* Main.storyboard in Resources */ = {isa = PBXBuildFile; fileRef = 696B44AB1DE03885002514F5 /* Main.storyboard */; };
		696B44AF1DE03885002514F5 /* Assets.xcassets in Resources */ = {isa = PBXBuildFile; fileRef = 696B44AE1DE03885002514F5 /* Assets.xcassets */; };
		696B44B21DE03885002514F5 /* LaunchScreen.storyboard in Resources */ = {isa = PBXBuildFile; fileRef = 696B44B01DE03885002514F5 /* LaunchScreen.storyboard */; };
		696B44BD1DE03885002514F5 /* GitCodeDemoTests.m in Sources */ = {isa = PBXBuildFile; fileRef = 696B44BC1DE03885002514F5 /* GitCodeDemoTests.m */; };
		696B44C81DE03885002514F5 /* GitCodeDemoUITests.m in Sources */ = {isa = PBXBuildFile; fileRef = 696B44C71DE03885002514F5 /* GitCodeDemoUITests.m */; };
		696B44D71DE03921002514F5 /* GItLog.m in Sources */ = {isa = PBXBuildFile; fileRef = 696B44D61DE03921002514F5 /* GItLog.m */; };
/* End PBXBuildFile section */

/* Begin PBXContainerItemProxy section */
		696B44B91DE03885002514F5 /* PBXContainerItemProxy */ = {
			isa = PBXContainerItemProxy;
			containerPortal = 696B44971DE03885002514F5 /* Project object */;
			proxyType = 1;
			remoteGlobalIDString = 696B449E1DE03885002514F5;
			remoteInfo = GitCodeDemo;
		};
		696B44C41DE03885002514F5 /* PBXContainerItemProxy */ = {
			isa = PBXContainerItemProxy;
			containerPortal = 696B44971DE03885002514F5 /* Project object */;
			proxyType = 1;
			remoteGlobalIDString = 696B449E1DE03885002514F5;
			remoteInfo = GitCodeDemo;
		};
/* End PBXContainerItemProxy section */

/* Begin PBXFileReference section */
		696B449F1DE03885002514F5 /* GitCodeDemo.app */ = {isa = PBXFileReference; explicitFileType = wrapper.application; includeInIndex = 0; path = GitCodeDemo.app; sourceTree = BUILT_PRODUCTS_DIR; };
		696B44A31DE03885002514F5 /* main.m */ = {isa = PBXFileReference; lastKnownFileType = sourcecode.c.objc; path = main.m; sourceTree = "<group>"; };
		696B44A51DE03885002514F5 /* AppDelegate.h */ = {isa = PBXFileReference; lastKnownFileType = sourcecode.c.h; path = AppDelegate.h; sourceTree = "<group>"; };
		696B44A61DE03885002514F5 /* AppDelegate.m */ = {isa = PBXFileReference; lastKnownFileType = sourcecode.c.objc; path = AppDelegate.m; sourceTree = "<group>"; };
		696B44A81DE03885002514F5 /* ViewController.h */ = {isa = PBXFileReference; lastKnownFileType = sourcecode.c.h; path = ViewController.h; sourceTree = "<group>"; };
		696B44A91DE03885002514F5 /* ViewController.m */ = {isa = PBXFileReference; lastKnownFileType = sourcecode.c.objc; path = ViewController.m; sourceTree = "<group>"; };
		696B44AC1DE03885002514F5 /* Base */ = {isa = PBXFileReference; lastKnownFileType = file.storyboard; name = Base; path = Base.lproj/Main.storyboard; sourceTree = "<group>"; };
		696B44AE1DE03885002514F5 /* Assets.xcassets */ = {isa = PBXFileReference; lastKnownFileType = folder.assetcatalog; path = Assets.xcassets; sourceTree = "<group>"; };
		696B44B11DE03885002514F5 /* Base */ = {isa = PBXFileReference; lastKnownFileType = file.storyboard; name = Base; path = Base.lproj/LaunchScreen.storyboard; sourceTree = "<group>"; };
		696B44B31DE03885002514F5 /* Info.plist */ = {isa = PBXFileReference; lastKnownFileType = text.plist.xml; path = Info.plist; sourceTree = "<group>"; };
		696B44B81DE03885002514F5 /* GitCodeDemoTests.xctest */ = {isa = PBXFileReference; explicitFileType = wrapper.cfbundle; includeInIndex = 0; path = GitCodeDemoTests.xctest; sourceTree = BUILT_PRODUCTS_DIR; };
		696B44BC1DE03885002514F5 /* GitCodeDemoTests.m */ = {isa = PBXFileReference; lastKnownFileType = sourcecode.c.objc; path = GitCodeDemoTests.m; sourceTree = "<group>"; };
		696B44BE1DE03885002514F5 /* Info.plist */ = {isa = PBXFileReference; lastKnownFileType = text.plist.xml; path = Info.plist; sourceTree = "<group>"; };
		696B44C31DE03885002514F5 /* GitCodeDemoUITests.xctest */ = {isa = PBXFileReference; explicitFileType = wrapper.cfbundle; includeInIndex = 0; path = GitCodeDemoUITests.xctest; sourceTree = BUILT_PRODUCTS_DIR; };
		696B44C71DE03885002514F5 /* GitCodeDemoUITests.m */ = {isa = PBXFileReference; lastKnownFileType = sourcecode.c.objc; path = GitCodeDemoUITests.m; sourceTree = "<group>"; };
		696B44C91DE03885002514F5 /* Info.plist */ = {isa = PBXFileReference; lastKnownFileType = text.plist.xml; path = Info.plist; sourceTree = "<group>"; };
		696B44D51DE03921002514F5 /* GItLog.h */ = {isa = PBXFileReference; fileEncoding = 4; lastKnownFileType = sourcecode.c.h; path = GItLog.h; sourceTree = "<group>"; };
		696B44D61DE03921002514F5 /* GItLog.m */ = {isa = PBXFileReference; fileEncoding = 4; lastKnownFileType = sourcecode.c.objc; path = GItLog.m; sourceTree = "<group>"; };
/* End PBXFileReference section */

/* Begin PBXFrameworksBuildPhase section */
		696B449C1DE03885002514F5 /* Frameworks */ = {
			isa = PBXFrameworksBuildPhase;
			buildActionMask = 2147483647;
			files = (
			);
			runOnlyForDeploymentPostprocessing = 0;
		};
		696B44B51DE03885002514F5 /* Frameworks */ = {
			isa = PBXFrameworksBuildPhase;
			buildActionMask = 2147483647;
			files = (
			);
			runOnlyForDeploymentPostprocessing = 0;
		};
		696B44C01DE03885002514F5 /* Frameworks */ = {
			isa = PBXFrameworksBuildPhase;
			buildActionMask = 2147483647;
			files = (
			);
			runOnlyForDeploymentPostprocessing = 0;
		};
/* End PBXFrameworksBuildPhase section */

/* Begin PBXGroup section */
		696B44961DE03885002514F5 = {
			isa = PBXGroup;
			children = (
				696B44A11DE03885002514F5 /* GitCodeDemo */,
				696B44BB1DE03885002514F5 /* GitCodeDemoTests */,
				696B44C61DE03885002514F5 /* GitCodeDemoUITests */,
				696B44A01DE03885002514F5 /* Products */,
			);
			sourceTree = "<group>";
		};
		696B44A01DE03885002514F5 /* Products */ = {
			isa = PBXGroup;
			children = (
				696B449F1DE03885002514F5 /* GitCodeDemo.app */,
				696B44B81DE03885002514F5 /* GitCodeDemoTests.xctest */,
				696B44C31DE03885002514F5 /* GitCodeDemoUITests.xctest */,
			);
			name = Products;
			sourceTree = "<group>";
		};
		696B44A11DE03885002514F5 /* GitCodeDemo */ = {
			isa = PBXGroup;
			children = (
				696B44A51DE03885002514F5 /* AppDelegate.h */,
				696B44A61DE03885002514F5 /* AppDelegate.m */,
				696B44A81DE03885002514F5 /* ViewController.h */,
				696B44A91DE03885002514F5 /* ViewController.m */,
				696B44D51DE03921002514F5 /* GItLog.h */,
				696B44D61DE03921002514F5 /* GItLog.m */,
				696B44AB1DE03885002514F5 /* Main.storyboard */,
				696B44AE1DE03885002514F5 /* Assets.xcassets */,
				696B44B01DE03885002514F5 /* LaunchScreen.storyboard */,
				696B44B31DE03885002514F5 /* Info.plist */,
				696B44A21DE03885002514F5 /* Supporting Files */,
			);
			path = GitCodeDemo;
			sourceTree = "<group>";
		};
		696B44A21DE03885002514F5 /* Supporting Files */ = {
			isa = PBXGroup;
			children = (
				696B44A31DE03885002514F5 /* main.m */,
			);
			name = "Supporting Files";
			sourceTree = "<group>";
		};
		696B44BB1DE03885002514F5 /* GitCodeDemoTests */ = {
			isa = PBXGroup;
			children = (
				696B44BC1DE03885002514F5 /* GitCodeDemoTests.m */,
				696B44BE1DE03885002514F5 /* Info.plist */,
			);
			path = GitCodeDemoTests;
			sourceTree = "<group>";
		};
		696B44C61DE03885002514F5 /* GitCodeDemoUITests */ = {
			isa = PBXGroup;
			children = (
				696B44C71DE03885002514F5 /* GitCodeDemoUITests.m */,
				696B44C91DE03885002514F5 /* Info.plist */,
			);
			path = GitCodeDemoUITests;
			sourceTree = "<group>";
		};
/* End PBXGroup section */

/* Begin PBXNativeTarget section */
		696B449E1DE03885002514F5 /* GitCodeDemo */ = {
			isa = PBXNativeTarget;
			buildConfigurationList = 696B44CC1DE03885002514F5 /* Build configuration list for PBXNativeTarget "GitCodeDemo" */;
			buildPhases = (
				696B449B1DE03885002514F5 /* Sources */,
				696B449C1DE03885002514F5 /* Frameworks */,
				696B449D1DE03885002514F5 /* Resources */,
			);
			buildRules = (
			);
			dependencies = (
			);
			name = GitCodeDemo;
			productName = GitCodeDemo;
			productReference = 696B449F1DE03885002514F5 /* GitCodeDemo.app */;
			productType = "com.apple.product-type.application";
		};
		696B44B71DE03885002514F5 /* GitCodeDemoTests */ = {
			isa = PBXNativeTarget;
			buildConfigurationList = 696B44CF1DE03885002514F5 /* Build configuration list for PBXNativeTarget "GitCodeDemoTests" */;
			buildPhases = (
				696B44B41DE03885002514F5 /* Sources */,
				696B44B51DE03885002514F5 /* Frameworks */,
				696B44B61DE03885002514F5 /* Resources */,
			);
			buildRules = (
			);
			dependencies = (
				696B44BA1DE03885002514F5 /* PBXTargetDependency */,
			);
			name = GitCodeDemoTests;
			productName = GitCodeDemoTests;
			productReference = 696B44B81DE03885002514F5 /* GitCodeDemoTests.xctest */;
			productType = "com.apple.product-type.bundle.unit-test";
		};
		696B44C21DE03885002514F5 /* GitCodeDemoUITests */ = {
			isa = PBXNativeTarget;
			buildConfigurationList = 696B44D21DE03885002514F5 /* Build configuration list for PBXNativeTarget "GitCodeDemoUITests" */;
			buildPhases = (
				696B44BF1DE03885002514F5 /* Sources */,
				696B44C01DE03885002514F5 /* Frameworks */,
				696B44C11DE03885002514F5 /* Resources */,
			);
			buildRules = (
			);
			dependencies = (
				696B44C51DE03885002514F5 /* PBXTargetDependency */,
			);
			name = GitCodeDemoUITests;
			productName = GitCodeDemoUITests;
			productReference = 696B44C31DE03885002514F5 /* GitCodeDemoUITests.xctest */;
			productType = "com.apple.product-type.bundle.ui-testing";
		};
/* End PBXNativeTarget section */

/* Begin PBXProject section */
		696B44971DE03885002514F5 /* Project object */ = {
			isa = PBXProject;
			attributes = {
				LastUpgradeCheck = 0800;
				ORGANIZATIONNAME = OTS;
				TargetAttributes = {
					696B449E1DE03885002514F5 = {
						CreatedOnToolsVersion = 8.0;
						DevelopmentTeam = HG4D7RHCA9;
						ProvisioningStyle = Automatic;
					};
					696B44B71DE03885002514F5 = {
						CreatedOnToolsVersion = 8.0;
						DevelopmentTeam = HG4D7RHCA9;
						ProvisioningStyle = Automatic;
						TestTargetID = 696B449E1DE03885002514F5;
					};
					696B44C21DE03885002514F5 = {
						CreatedOnToolsVersion = 8.0;
						DevelopmentTeam = HG4D7RHCA9;
						ProvisioningStyle = Automatic;
						TestTargetID = 696B449E1DE03885002514F5;
					};
				};
			};
			buildConfigurationList = 696B449A1DE03885002514F5 /* Build configuration list for PBXProject "GitCodeDemo" */;
			compatibilityVersion = "Xcode 3.2";
			developmentRegion = English;
			hasScannedForEncodings = 0;
			knownRegions = (
				en,
				Base,
			);
			mainGroup = 696B44961DE03885002514F5;
			productRefGroup = 696B44A01DE03885002514F5 /* Products */;
			projectDirPath = "";
			projectRoot = "";
			targets = (
				696B449E1DE03885002514F5 /* GitCodeDemo */,
				696B44B71DE03885002514F5 /* GitCodeDemoTests */,
				696B44C21DE03885002514F5 /* GitCodeDemoUITests */,
			);
		};
/* End PBXProject section */

/* Begin PBXResourcesBuildPhase section */
		696B449D1DE03885002514F5 /* Resources */ = {
			isa = PBXResourcesBuildPhase;
			buildActionMask = 2147483647;
			files = (
				696B44B21DE03885002514F5 /* LaunchScreen.storyboard in Resources */,
				696B44AF1DE03885002514F5 /* Assets.xcassets in Resources */,
				696B44AD1DE03885002514F5 /* Main.storyboard in Resources */,
			);
			runOnlyForDeploymentPostprocessing = 0;
		};
		696B44B61DE03885002514F5 /* Resources */ = {
			isa = PBXResourcesBuildPhase;
			buildActionMask = 2147483647;
			files = (
			);
			runOnlyForDeploymentPostprocessing = 0;
		};
		696B44C11DE03885002514F5 /* Resources */ = {
			isa = PBXResourcesBuildPhase;
			buildActionMask = 2147483647;
			files = (
			);
			runOnlyForDeploymentPostprocessing = 0;
		};
/* End PBXResourcesBuildPhase section */

/* Begin PBXSourcesBuildPhase section */
		696B449B1DE03885002514F5 /* Sources */ = {
			isa = PBXSourcesBuildPhase;
			buildActionMask = 2147483647;
			files = (
				696B44AA1DE03885002514F5 /* ViewController.m in Sources */,
				696B44D71DE03921002514F5 /* GItLog.m in Sources */,
				696B44A71DE03885002514F5 /* AppDelegate.m in Sources */,
				696B44A41DE03885002514F5 /* main.m in Sources */,
			);
			runOnlyForDeploymentPostprocessing = 0;
		};
		696B44B41DE03885002514F5 /* Sources */ = {
			isa = PBXSourcesBuildPhase;
			buildActionMask = 2147483647;
			files = (
				696B44BD1DE03885002514F5 /* GitCodeDemoTests.m in Sources */,
			);
			runOnlyForDeploymentPostprocessing = 0;
		};
		696B44BF1DE03885002514F5 /* Sources */ = {
			isa = PBXSourcesBuildPhase;
			buildActionMask = 2147483647;
			files = (
				696B44C81DE03885002514F5 /* GitCodeDemoUITests.m in Sources */,
			);
			runOnlyForDeploymentPostprocessing = 0;
		};
/* End PBXSourcesBuildPhase section */

/* Begin PBXTargetDependency section */
		696B44BA1DE03885002514F5 /* PBXTargetDependency */ = {
			isa = PBXTargetDependency;
			target = 696B449E1DE03885002514F5 /* GitCodeDemo */;
			targetProxy = 696B44B91DE03885002514F5 /* PBXContainerItemProxy */;
		};
		696B44C51DE03885002514F5 /* PBXTargetDependency */ = {
			isa = PBXTargetDependency;
			target = 696B449E1DE03885002514F5 /* GitCodeDemo */;
			targetProxy = 696B44C41DE03885002514F5 /* PBXContainerItemProxy */;
		};
/* End PBXTargetDependency section */

/* Begin PBXVariantGroup section */
		696B44AB1DE03885002514F5 /* Main.storyboard */ = {
			isa = PBXVariantGroup;
			children = (
				696B44AC1DE03885002514F5 /* Base */,
			);
			name = Main.storyboard;
			sourceTree = "<group>";
		};
		696B44B01DE03885002514F5 /* LaunchScreen.storyboard */ = {
			isa = PBXVariantGroup;
			children = (
				696B44B11DE03885002514F5 /* Base */,
			);
			name = LaunchScreen.storyboard;
			sourceTree = "<group>";
		};
/* End PBXVariantGroup section */

/* Begin XCBuildConfiguration section */
		696B44CA1DE03885002514F5 /* Debug */ = {
			isa = XCBuildConfiguration;
			buildSettings = {
				ALWAYS_SEARCH_USER_PATHS = NO;
				CLANG_ANALYZER_NONNULL = YES;
				CLANG_CXX_LANGUAGE_STANDARD = "gnu++0x";
				CLANG_CXX_LIBRARY = "libc++";
				CLANG_ENABLE_MODULES = YES;
				CLANG_ENABLE_OBJC_ARC = YES;
				CLANG_WARN_BOOL_CONVERSION = YES;
				CLANG_WARN_CONSTANT_CONVERSION = YES;
				CLANG_WARN_DIRECT_OBJC_ISA_USAGE = YES_ERROR;
				CLANG_WARN_DOCUMENTATION_COMMENTS = YES;
				CLANG_WARN_EMPTY_BODY = YES;
				CLANG_WARN_ENUM_CONVERSION = YES;
				CLANG_WARN_INFINITE_RECURSION = YES;
				CLANG_WARN_INT_CONVERSION = YES;
				CLANG_WARN_OBJC_ROOT_CLASS = YES_ERROR;
				CLANG_WARN_SUSPICIOUS_MOVES = YES;
				CLANG_WARN_UNREACHABLE_CODE = YES;
				CLANG_WARN__DUPLICATE_METHOD_MATCH = YES;
				"CODE_SIGN_IDENTITY[sdk=iphoneos*]" = "iPhone Developer";
				COPY_PHASE_STRIP = NO;
				DEBUG_INFORMATION_FORMAT = dwarf;
				ENABLE_STRICT_OBJC_MSGSEND = YES;
				ENABLE_TESTABILITY = YES;
				GCC_C_LANGUAGE_STANDARD = gnu99;
				GCC_DYNAMIC_NO_PIC = NO;
				GCC_NO_COMMON_BLOCKS = YES;
				GCC_OPTIMIZATION_LEVEL = 0;
				GCC_PREPROCESSOR_DEFINITIONS = (
					"DEBUG=1",
					"$(inherited)",
				);
				GCC_WARN_64_TO_32_BIT_CONVERSION = YES;
				GCC_WARN_ABOUT_RETURN_TYPE = YES_ERROR;
				GCC_WARN_UNDECLARED_SELECTOR = YES;
				GCC_WARN_UNINITIALIZED_AUTOS = YES_AGGRESSIVE;
				GCC_WARN_UNUSED_FUNCTION = YES;
				GCC_WARN_UNUSED_VARIABLE = YES;
				IPHONEOS_DEPLOYMENT_TARGET = 10.0;
				MTL_ENABLE_DEBUG_INFO = YES;
				ONLY_ACTIVE_ARCH = YES;
				SDKROOT = iphoneos;
			};
			name = Debug;
		};
		696B44CB1DE03885002514F5 /* Release */ = {
			isa = XCBuildConfiguration;
			buildSettings = {
				ALWAYS_SEARCH_USER_PATHS = NO;
				CLANG_ANALYZER_NONNULL = YES;
				CLANG_CXX_LANGUAGE_STANDARD = "gnu++0x";
				CLANG_CXX_LIBRARY = "libc++";
				CLANG_ENABLE_MODULES = YES;
				CLANG_ENABLE_OBJC_ARC = YES;
				CLANG_WARN_BOOL_CONVERSION = YES;
				CLANG_WARN_CONSTANT_CONVERSION = YES;
				CLANG_WARN_DIRECT_OBJC_ISA_USAGE = YES_ERROR;
				CLANG_WARN_DOCUMENTATION_COMMENTS = YES;
				CLANG_WARN_EMPTY_BODY = YES;
				CLANG_WARN_ENUM_CONVERSION = YES;
				CLANG_WARN_INFINITE_RECURSION = YES;
				CLANG_WARN_INT_CONVERSION = YES;
				CLANG_WARN_OBJC_ROOT_CLASS = YES_ERROR;
				CLANG_WARN_SUSPICIOUS_MOVES = YES;
				CLANG_WARN_UNREACHABLE_CODE = YES;
				CLANG_WARN__DUPLICATE_METHOD_MATCH = YES;
				"CODE_SIGN_IDENTITY[sdk=iphoneos*]" = "iPhone Developer";
				COPY_PHASE_STRIP = NO;
				DEBUG_INFORMATION_FORMAT = "dwarf-with-dsym";
				ENABLE_NS_ASSERTIONS = NO;
				ENABLE_STRICT_OBJC_MSGSEND = YES;
				GCC_C_LANGUAGE_STANDARD = gnu99;
				GCC_NO_COMMON_BLOCKS = YES;
				GCC_WARN_64_TO_32_BIT_CONVERSION = YES;
				GCC_WARN_ABOUT_RETURN_TYPE = YES_ERROR;
				GCC_WARN_UNDECLARED_SELECTOR = YES;
				GCC_WARN_UNINITIALIZED_AUTOS = YES_AGGRESSIVE;
				GCC_WARN_UNUSED_FUNCTION = YES;
				GCC_WARN_UNUSED_VARIABLE = YES;
				IPHONEOS_DEPLOYMENT_TARGET = 10.0;
				MTL_ENABLE_DEBUG_INFO = NO;
				SDKROOT = iphoneos;
				VALIDATE_PRODUCT = YES;
			};
			name = Release;
		};
		696B44CD1DE03885002514F5 /* Debug */ = {
			isa = XCBuildConfiguration;
			buildSettings = {
				ASSETCATALOG_COMPILER_APPICON_NAME = AppIcon;
				DEVELOPMENT_TEAM = HG4D7RHCA9;
				INFOPLIST_FILE = GitCodeDemo/Info.plist;
				LD_RUNPATH_SEARCH_PATHS = "$(inherited) @executable_path/Frameworks";
				PRODUCT_BUNDLE_IDENTIFIER = OTS.com.GitCodeDemo;
				PRODUCT_NAME = "$(TARGET_NAME)";
			};
			name = Debug;
		};
		696B44CE1DE03885002514F5 /* Release */ = {
			isa = XCBuildConfiguration;
			buildSettings = {
				ASSETCATALOG_COMPILER_APPICON_NAME = AppIcon;
				DEVELOPMENT_TEAM = HG4D7RHCA9;
				INFOPLIST_FILE = GitCodeDemo/Info.plist;
				LD_RUNPATH_SEARCH_PATHS = "$(inherited) @executable_path/Frameworks";
				PRODUCT_BUNDLE_IDENTIFIER = OTS.com.GitCodeDemo;
				PRODUCT_NAME = "$(TARGET_NAME)";
			};
			name = Release;
		};
		696B44D01DE03885002514F5 /* Debug */ = {
			isa = XCBuildConfiguration;
			buildSettings = {
				BUNDLE_LOADER = "$(TEST_HOST)";
				DEVELOPMENT_TEAM = HG4D7RHCA9;
				INFOPLIST_FILE = GitCodeDemoTests/Info.plist;
				LD_RUNPATH_SEARCH_PATHS = "$(inherited) @executable_path/Frameworks @loader_path/Frameworks";
				PRODUCT_BUNDLE_IDENTIFIER = OTS.com.GitCodeDemoTests;
				PRODUCT_NAME = "$(TARGET_NAME)";
				TEST_HOST = "$(BUILT_PRODUCTS_DIR)/GitCodeDemo.app/GitCodeDemo";
			};
			name = Debug;
		};
		696B44D11DE03885002514F5 /* Release */ = {
			isa = XCBuildConfiguration;
			buildSettings = {
				BUNDLE_LOADER = "$(TEST_HOST)";
				DEVELOPMENT_TEAM = HG4D7RHCA9;
				INFOPLIST_FILE = GitCodeDemoTests/Info.plist;
				LD_RUNPATH_SEARCH_PATHS = "$(inherited) @executable_path/Frameworks @loader_path/Frameworks";
				PRODUCT_BUNDLE_IDENTIFIER = OTS.com.GitCodeDemoTests;
				PRODUCT_NAME = "$(TARGET_NAME)";
				TEST_HOST = "$(BUILT_PRODUCTS_DIR)/GitCodeDemo.app/GitCodeDemo";
			};
			name = Release;
		};
		696B44D31DE03885002514F5 /* Debug */ = {
			isa = XCBuildConfiguration;
			buildSettings = {
				DEVELOPMENT_TEAM = HG4D7RHCA9;
				INFOPLIST_FILE = GitCodeDemoUITests/Info.plist;
				LD_RUNPATH_SEARCH_PATHS = "$(inherited) @executable_path/Frameworks @loader_path/Frameworks";
				PRODUCT_BUNDLE_IDENTIFIER = OTS.com.GitCodeDemoUITests;
				PRODUCT_NAME = "$(TARGET_NAME)";
				TEST_TARGET_NAME = GitCodeDemo;
			};
			name = Debug;
		};
		696B44D41DE03885002514F5 /* Release */ = {
			isa = XCBuildConfiguration;
			buildSettings = {
				DEVELOPMENT_TEAM = HG4D7RHCA9;
				INFOPLIST_FILE = GitCodeDemoUITests/Info.plist;
				LD_RUNPATH_SEARCH_PATHS = "$(inherited) @executable_path/Frameworks @loader_path/Frameworks";
				PRODUCT_BUNDLE_IDENTIFIER = OTS.com.GitCodeDemoUITests;
				PRODUCT_NAME = "$(TARGET_NAME)";
				TEST_TARGET_NAME = GitCodeDemo;
			};
			name = Release;
		};
/* End XCBuildConfiguration section */

/* Begin XCConfigurationList section */
		696B449A1DE03885002514F5 /* Build configuration list for PBXProject "GitCodeDemo" */ = {
			isa = XCConfigurationList;
			buildConfigurations = (
				696B44CA1DE03885002514F5 /* Debug */,
				696B44CB1DE03885002514F5 /* Release */,
			);
			defaultConfigurationIsVisible = 0;
			defaultConfigurationName = Release;
		};
		696B44CC1DE03885002514F5 /* Build configuration list for PBXNativeTarget "GitCodeDemo" */ = {
			isa = XCConfigurationList;
			buildConfigurations = (
				696B44CD1DE03885002514F5 /* Debug */,
				696B44CE1DE03885002514F5 /* Release */,
			);
			defaultConfigurationIsVisible = 0;
		};
		696B44CF1DE03885002514F5 /* Build configuration list for PBXNativeTarget "GitCodeDemoTests" */ = {
			isa = XCConfigurationList;
			buildConfigurations = (
				696B44D01DE03885002514F5 /* Debug */,
				696B44D11DE03885002514F5 /* Release */,
			);
			defaultConfigurationIsVisible = 0;
		};
		696B44D21DE03885002514F5 /* Build configuration list for PBXNativeTarget "GitCodeDemoUITests" */ = {
			isa = XCConfigurationList;
			buildConfigurations = (
				696B44D31DE03885002514F5 /* Debug */,
				696B44D41DE03885002514F5 /* Release */,
			);
			defaultConfigurationIsVisible = 0;
		};
/* End XCConfigurationList section */
	};
	rootObject = 696B44971DE03885002514F5 /* Project object */;
}
